
Microsoft Visual Studio Solution File, Format Version 12.00
# Visual Studio Version 17
VisualStudioVersion = 17.9.34728.123
MinimumVisualStudioVersion = 10.0.40219.1
Project("{FAE04EC0-301F-11D3-BF4B-00C04F79EFBC}") = "Picktor", "Picktor.csproj", "{C366D146-1F86-474F-BBEC-901B4318E3C3}"
EndProject
Global
	GlobalSection(SolutionConfigurationPlatforms) = preSolution
		Debug|Any CPU = Debug|Any CPU
		Release|Any CPU = Release|Any CPU
	EndGlobalSection
	GlobalSection(ProjectConfigurationPlatforms) = postSolution
		{C366D146-1F86-474F-BBEC-901B4318E3C3}.Debug|Any CPU.ActiveCfg = Debug|Any CPU
		{C366D146-1F86-474F-BBEC-901B4318E3C3}.Debug|Any CPU.Build.0 = Debug|Any CPU
		{C366D146-1F86-474F-BBEC-901B4318E3C3}.Release|Any CPU.ActiveCfg = Release|Any CPU
		{C366D146-1F86-474F-BBEC-901B4318E3C3}.Release|Any CPU.Build.0 = Release|Any CPU
	EndGlobalSection
	GlobalSection(SolutionProperties) = preSolution
		HideSolutionNode = FALSE
	EndGlobalSection
	GlobalSection(ExtensibilityGlobals) = postSolution
		SolutionGuid = {B2DACC85-D309-4C47-9777-6B00D1A1B492}
	EndGlobalSection
EndGlobal
